// !$*UTF8*$!
{
	archiveVersion = 1;
	classes = {
	};
	objectVersion = 48;
	objects = {

/* Begin PBXBuildFile section */
		0C97DEE6304608BCFF6A16F1 /* Pods_weiboswift.framework in Frameworks */ = {isa = PBXBuildFile; fileRef = 3193BDD4B2A8C7E9CF5DB9D3 /* Pods_weiboswift.framework */; };
		AA0F79B91F983BEF00DCEF4F /* Compose.storyboard in Resources */ = {isa = PBXBuildFile; fileRef = AA0F79B81F983BEF00DCEF4F /* Compose.storyboard */; };
		AA0F79BD1F983DED00DCEF4F /* UIButton-Extension.swift in Sources */ = {isa = PBXBuildFile; fileRef = AA0F79BC1F983DED00DCEF4F /* UIButton-Extension.swift */; };
		AA0F79BF1F9847E500DCEF4F /* ComposeVC.swift in Sources */ = {isa = PBXBuildFile; fileRef = AA0F79BE1F9847E500DCEF4F /* ComposeVC.swift */; };
		AA0F79C21F9855BB00DCEF4F /* VistorView.swift in Sources */ = {isa = PBXBuildFile; fileRef = AA0F79C11F9855BB00DCEF4F /* VistorView.swift */; };
		AA0F79C41F9855CA00DCEF4F /* VistorView.xib in Resources */ = {isa = PBXBuildFile; fileRef = AA0F79C31F9855CA00DCEF4F /* VistorView.xib */; };
		AA0F79CA1F98561D00DCEF4F /* BaseVC.swift in Sources */ = {isa = PBXBuildFile; fileRef = AA0F79C91F98561D00DCEF4F /* BaseVC.swift */; };
		AA0FA96B1FABF93D0088D09D /* PresentationC.swift in Sources */ = {isa = PBXBuildFile; fileRef = AA0FA96A1FABF93D0088D09D /* PresentationC.swift */; };
		AA10778D1F9837F7009F1129 /* MainVC.swift in Sources */ = {isa = PBXBuildFile; fileRef = AA10778C1F9837F7009F1129 /* MainVC.swift */; };
		AA10778F1F983817009F1129 /* HomeVC.swift in Sources */ = {isa = PBXBuildFile; fileRef = AA10778E1F983817009F1129 /* HomeVC.swift */; };
		AA1077911F9838ED009F1129 /* DiscoverVC.swift in Sources */ = {isa = PBXBuildFile; fileRef = AA1077901F9838ED009F1129 /* DiscoverVC.swift */; };
		AA1077931F98391F009F1129 /* ProfileVC.swift in Sources */ = {isa = PBXBuildFile; fileRef = AA1077921F98391F009F1129 /* ProfileVC.swift */; };
		AA1077951F98394C009F1129 /* MessageVC.swift in Sources */ = {isa = PBXBuildFile; fileRef = AA1077941F98394C009F1129 /* MessageVC.swift */; };
		AA12144C1FC65ED30054BAE0 /* PopoverAnimator.swift in Sources */ = {isa = PBXBuildFile; fileRef = AA12144B1FC65ED30054BAE0 /* PopoverAnimator.swift */; };
		AA12144E1FC67AEC0054BAE0 /* NetworkTool.swift in Sources */ = {isa = PBXBuildFile; fileRef = AA12144D1FC67AEC0054BAE0 /* NetworkTool.swift */; };
		AA1679BE1F9759F500283609 /* Home.storyboard in Resources */ = {isa = PBXBuildFile; fileRef = AA1679BD1F9759F500283609 /* Home.storyboard */; };
		AA1679C01F975A1A00283609 /* Messge.storyboard in Resources */ = {isa = PBXBuildFile; fileRef = AA1679BF1F975A1A00283609 /* Messge.storyboard */; };
		AA1679C21F975A4700283609 /* Discover.storyboard in Resources */ = {isa = PBXBuildFile; fileRef = AA1679C11F975A4700283609 /* Discover.storyboard */; };
		AA1679C41F975A7900283609 /* Profile.storyboard in Resources */ = {isa = PBXBuildFile; fileRef = AA1679C31F975A7900283609 /* Profile.storyboard */; };
		AA1F7CF81F99D8690009B671 /* OAuthVC.swift in Sources */ = {isa = PBXBuildFile; fileRef = AA1F7CF71F99D8690009B671 /* OAuthVC.swift */; };
		AA2BC6B11FAAF480005F5CBF /* TitleBtn.swift in Sources */ = {isa = PBXBuildFile; fileRef = AA2BC6B01FAAF480005F5CBF /* TitleBtn.swift */; };
		AA2BC6B61FAAFD6B005F5CBF /* PopoverVC.swift in Sources */ = {isa = PBXBuildFile; fileRef = AA2BC6B41FAAFD6B005F5CBF /* PopoverVC.swift */; };
		AA2BC6B71FAAFD6B005F5CBF /* PopoverVC.xib in Resources */ = {isa = PBXBuildFile; fileRef = AA2BC6B51FAAFD6B005F5CBF /* PopoverVC.xib */; };
		AA88E7431F9DE64C002553E7 /* TableValidationTests.swift in Sources */ = {isa = PBXBuildFile; fileRef = AA88E7421F9DE64C002553E7 /* TableValidationTests.swift */; };
		AAE73C8A1F9457520003E038 /* AppDelegate.swift in Sources */ = {isa = PBXBuildFile; fileRef = AAE73C891F9457520003E038 /* AppDelegate.swift */; };
		AAE73C8F1F9457520003E038 /* Main.storyboard in Resources */ = {isa = PBXBuildFile; fileRef = AAE73C8D1F9457520003E038 /* Main.storyboard */; };
		AAE73C911F9457520003E038 /* Assets.xcassets in Resources */ = {isa = PBXBuildFile; fileRef = AAE73C901F9457520003E038 /* Assets.xcassets */; };
		AAE73C941F9457520003E038 /* LaunchScreen.storyboard in Resources */ = {isa = PBXBuildFile; fileRef = AAE73C921F9457520003E038 /* LaunchScreen.storyboard */; };
		AAE73C9F1F9457520003E038 /* weiboswiftTests.swift in Sources */ = {isa = PBXBuildFile; fileRef = AAE73C9E1F9457520003E038 /* weiboswiftTests.swift */; };
		AAE73CAA1F9457520003E038 /* weiboswiftUITests.swift in Sources */ = {isa = PBXBuildFile; fileRef = AAE73CA91F9457520003E038 /* weiboswiftUITests.swift */; };
/* End PBXBuildFile section */

/* Begin PBXContainerItemProxy section */
		AAE73C9B1F9457520003E038 /* PBXContainerItemProxy */ = {
			isa = PBXContainerItemProxy;
			containerPortal = AAE73C7E1F9457520003E038 /* Project object */;
			proxyType = 1;
			remoteGlobalIDString = AAE73C851F9457520003E038;
			remoteInfo = weiboswift;
		};
		AAE73CA61F9457520003E038 /* PBXContainerItemProxy */ = {
			isa = PBXContainerItemProxy;
			containerPortal = AAE73C7E1F9457520003E038 /* Project object */;
			proxyType = 1;
			remoteGlobalIDString = AAE73C851F9457520003E038;
			remoteInfo = weiboswift;
		};
/* End PBXContainerItemProxy section */

/* Begin PBXFileReference section */
		3193BDD4B2A8C7E9CF5DB9D3 /* Pods_weiboswift.framework */ = {isa = PBXFileReference; explicitFileType = wrapper.framework; includeInIndex = 0; path = Pods_weiboswift.framework; sourceTree = BUILT_PRODUCTS_DIR; };
		84320535DBB82EEB02FFE96A /* Pods-weiboswift.debug.xcconfig */ = {isa = PBXFileReference; includeInIndex = 1; lastKnownFileType = text.xcconfig; name = "Pods-weiboswift.debug.xcconfig"; path = "Pods/Target Support Files/Pods-weiboswift/Pods-weiboswift.debug.xcconfig"; sourceTree = "<group>"; };
		AA0F79B81F983BEF00DCEF4F /* Compose.storyboard */ = {isa = PBXFileReference; fileEncoding = 4; lastKnownFileType = file.storyboard; path = Compose.storyboard; sourceTree = "<group>"; };
		AA0F79BC1F983DED00DCEF4F /* UIButton-Extension.swift */ = {isa = PBXFileReference; lastKnownFileType = sourcecode.swift; path = "UIButton-Extension.swift"; sourceTree = "<group>"; };
		AA0F79BE1F9847E500DCEF4F /* ComposeVC.swift */ = {isa = PBXFileReference; lastKnownFileType = sourcecode.swift; path = ComposeVC.swift; sourceTree = "<group>"; };
		AA0F79C11F9855BB00DCEF4F /* VistorView.swift */ = {isa = PBXFileReference; lastKnownFileType = sourcecode.swift; path = VistorView.swift; sourceTree = "<group>"; };
		AA0F79C31F9855CA00DCEF4F /* VistorView.xib */ = {isa = PBXFileReference; lastKnownFileType = file.xib; path = VistorView.xib; sourceTree = "<group>"; };
		AA0F79C91F98561D00DCEF4F /* BaseVC.swift */ = {isa = PBXFileReference; lastKnownFileType = sourcecode.swift; path = BaseVC.swift; sourceTree = "<group>"; };
		AA0FA96A1FABF93D0088D09D /* PresentationC.swift */ = {isa = PBXFileReference; lastKnownFileType = sourcecode.swift; path = PresentationC.swift; sourceTree = "<group>"; };
		AA10778C1F9837F7009F1129 /* MainVC.swift */ = {isa = PBXFileReference; lastKnownFileType = sourcecode.swift; path = MainVC.swift; sourceTree = "<group>"; };
		AA10778E1F983817009F1129 /* HomeVC.swift */ = {isa = PBXFileReference; lastKnownFileType = sourcecode.swift; path = HomeVC.swift; sourceTree = "<group>"; };
		AA1077901F9838ED009F1129 /* DiscoverVC.swift */ = {isa = PBXFileReference; lastKnownFileType = sourcecode.swift; path = DiscoverVC.swift; sourceTree = "<group>"; };
		AA1077921F98391F009F1129 /* ProfileVC.swift */ = {isa = PBXFileReference; lastKnownFileType = sourcecode.swift; path = ProfileVC.swift; sourceTree = "<group>"; };
		AA1077941F98394C009F1129 /* MessageVC.swift */ = {isa = PBXFileReference; lastKnownFileType = sourcecode.swift; path = MessageVC.swift; sourceTree = "<group>"; };
		AA12144B1FC65ED30054BAE0 /* PopoverAnimator.swift */ = {isa = PBXFileReference; lastKnownFileType = sourcecode.swift; path = PopoverAnimator.swift; sourceTree = "<group>"; };
		AA12144D1FC67AEC0054BAE0 /* NetworkTool.swift */ = {isa = PBXFileReference; lastKnownFileType = sourcecode.swift; path = NetworkTool.swift; sourceTree = "<group>"; };
		AA1679BD1F9759F500283609 /* Home.storyboard */ = {isa = PBXFileReference; fileEncoding = 4; lastKnownFileType = file.storyboard; path = Home.storyboard; sourceTree = "<group>"; };
		AA1679BF1F975A1A00283609 /* Messge.storyboard */ = {isa = PBXFileReference; fileEncoding = 4; lastKnownFileType = file.storyboard; path = Messge.storyboard; sourceTree = "<group>"; };
		AA1679C11F975A4700283609 /* Discover.storyboard */ = {isa = PBXFileReference; fileEncoding = 4; lastKnownFileType = file.storyboard; path = Discover.storyboard; sourceTree = "<group>"; };
		AA1679C31F975A7900283609 /* Profile.storyboard */ = {isa = PBXFileReference; fileEncoding = 4; lastKnownFileType = file.storyboard; path = Profile.storyboard; sourceTree = "<group>"; };
		AA1F7CF71F99D8690009B671 /* OAuthVC.swift */ = {isa = PBXFileReference; lastKnownFileType = sourcecode.swift; path = OAuthVC.swift; sourceTree = "<group>"; };
		AA2BC6B01FAAF480005F5CBF /* TitleBtn.swift */ = {isa = PBXFileReference; lastKnownFileType = sourcecode.swift; path = TitleBtn.swift; sourceTree = "<group>"; };
		AA2BC6B41FAAFD6B005F5CBF /* PopoverVC.swift */ = {isa = PBXFileReference; lastKnownFileType = sourcecode.swift; path = PopoverVC.swift; sourceTree = "<group>"; };
		AA2BC6B51FAAFD6B005F5CBF /* PopoverVC.xib */ = {isa = PBXFileReference; lastKnownFileType = file.xib; path = PopoverVC.xib; sourceTree = "<group>"; };
		AA88E7421F9DE64C002553E7 /* TableValidationTests.swift */ = {isa = PBXFileReference; lastKnownFileType = sourcecode.swift; path = TableValidationTests.swift; sourceTree = "<group>"; };
		AAE73C861F9457520003E038 /* weiboswift.app */ = {isa = PBXFileReference; explicitFileType = wrapper.application; includeInIndex = 0; path = weiboswift.app; sourceTree = BUILT_PRODUCTS_DIR; };
		AAE73C891F9457520003E038 /* AppDelegate.swift */ = {isa = PBXFileReference; lastKnownFileType = sourcecode.swift; path = AppDelegate.swift; sourceTree = "<group>"; };
		AAE73C8E1F9457520003E038 /* Base */ = {isa = PBXFileReference; lastKnownFileType = file.storyboard; name = Base; path = Base.lproj/Main.storyboard; sourceTree = "<group>"; };
		AAE73C901F9457520003E038 /* Assets.xcassets */ = {isa = PBXFileReference; lastKnownFileType = folder.assetcatalog; path = Assets.xcassets; sourceTree = "<group>"; };
		AAE73C931F9457520003E038 /* Base */ = {isa = PBXFileReference; lastKnownFileType = file.storyboard; name = Base; path = Base.lproj/LaunchScreen.storyboard; sourceTree = "<group>"; };
		AAE73C951F9457520003E038 /* Info.plist */ = {isa = PBXFileReference; lastKnownFileType = text.plist.xml; path = Info.plist; sourceTree = "<group>"; };
		AAE73C9A1F9457520003E038 /* weiboswiftTests.xctest */ = {isa = PBXFileReference; explicitFileType = wrapper.cfbundle; includeInIndex = 0; path = weiboswiftTests.xctest; sourceTree = BUILT_PRODUCTS_DIR; };
		AAE73C9E1F9457520003E038 /* weiboswiftTests.swift */ = {isa = PBXFileReference; lastKnownFileType = sourcecode.swift; path = weiboswiftTests.swift; sourceTree = "<group>"; };
		AAE73CA01F9457520003E038 /* Info.plist */ = {isa = PBXFileReference; lastKnownFileType = text.plist.xml; path = Info.plist; sourceTree = "<group>"; };
		AAE73CA51F9457520003E038 /* weiboswiftUITests.xctest */ = {isa = PBXFileReference; explicitFileType = wrapper.cfbundle; includeInIndex = 0; path = weiboswiftUITests.xctest; sourceTree = BUILT_PRODUCTS_DIR; };
		AAE73CA91F9457520003E038 /* weiboswiftUITests.swift */ = {isa = PBXFileReference; lastKnownFileType = sourcecode.swift; path = weiboswiftUITests.swift; sourceTree = "<group>"; };
		AAE73CAB1F9457520003E038 /* Info.plist */ = {isa = PBXFileReference; lastKnownFileType = text.plist.xml; path = Info.plist; sourceTree = "<group>"; };
		CA191F9932DD82BF2B9FEA9A /* Pods-weiboswift.release.xcconfig */ = {isa = PBXFileReference; includeInIndex = 1; lastKnownFileType = text.xcconfig; name = "Pods-weiboswift.release.xcconfig"; path = "Pods/Target Support Files/Pods-weiboswift/Pods-weiboswift.release.xcconfig"; sourceTree = "<group>"; };
/* End PBXFileReference section */

/* Begin PBXFrameworksBuildPhase section */
		AAE73C831F9457520003E038 /* Frameworks */ = {
			isa = PBXFrameworksBuildPhase;
			buildActionMask = 2147483647;
			files = (
				0C97DEE6304608BCFF6A16F1 /* Pods_weiboswift.framework in Frameworks */,
			);
			runOnlyForDeploymentPostprocessing = 0;
		};
		AAE73C971F9457520003E038 /* Frameworks */ = {
			isa = PBXFrameworksBuildPhase;
			buildActionMask = 2147483647;
			files = (
			);
			runOnlyForDeploymentPostprocessing = 0;
		};
		AAE73CA21F9457520003E038 /* Frameworks */ = {
			isa = PBXFrameworksBuildPhase;
			buildActionMask = 2147483647;
			files = (
			);
			runOnlyForDeploymentPostprocessing = 0;
		};
/* End PBXFrameworksBuildPhase section */

/* Begin PBXGroup section */
		1CE3C0B921193FBA14D530C4 /* Pods */ = {
			isa = PBXGroup;
			children = (
				84320535DBB82EEB02FFE96A /* Pods-weiboswift.debug.xcconfig */,
				CA191F9932DD82BF2B9FEA9A /* Pods-weiboswift.release.xcconfig */,
			);
			name = Pods;
			sourceTree = "<group>";
		};
		AA0F79B71F983B1C00DCEF4F /* Catergory */ = {
			isa = PBXGroup;
			children = (
				AA0F79BC1F983DED00DCEF4F /* UIButton-Extension.swift */,
			);
			path = Catergory;
			sourceTree = "<group>";
		};
		AA0F79C01F98517200DCEF4F /* VistorView */ = {
			isa = PBXGroup;
			children = (
				AA0F79C11F9855BB00DCEF4F /* VistorView.swift */,
				AA0F79C31F9855CA00DCEF4F /* VistorView.xib */,
			);
			path = VistorView;
			sourceTree = "<group>";
		};
		AA1077881F983733009F1129 /* Controllers */ = {
			isa = PBXGroup;
			children = (
				AA10778C1F9837F7009F1129 /* MainVC.swift */,
				AA10778E1F983817009F1129 /* HomeVC.swift */,
				AA1077901F9838ED009F1129 /* DiscoverVC.swift */,
				AA1077921F98391F009F1129 /* ProfileVC.swift */,
				AA1077941F98394C009F1129 /* MessageVC.swift */,
				AA0F79BE1F9847E500DCEF4F /* ComposeVC.swift */,
				AA0F79C91F98561D00DCEF4F /* BaseVC.swift */,
				AA1F7CF71F99D8690009B671 /* OAuthVC.swift */,
				AA2BC6B41FAAFD6B005F5CBF /* PopoverVC.swift */,
				AA2BC6B51FAAFD6B005F5CBF /* PopoverVC.xib */,
				AA0FA96A1FABF93D0088D09D /* PresentationC.swift */,
				AA12144B1FC65ED30054BAE0 /* PopoverAnimator.swift */,
			);
			path = Controllers;
			sourceTree = "<group>";
		};
		AA1077891F983733009F1129 /* Models */ = {
			isa = PBXGroup;
			children = (
			);
			path = Models;
			sourceTree = "<group>";
		};
		AA10778A1F983734009F1129 /* Vender */ = {
			isa = PBXGroup;
			children = (
			);
			path = Vender;
			sourceTree = "<group>";
		};
		AA10778B1F983734009F1129 /* Views */ = {
			isa = PBXGroup;
			children = (
				AA0F79C01F98517200DCEF4F /* VistorView */,
				AAE73C8D1F9457520003E038 /* Main.storyboard */,
				AA0F79B81F983BEF00DCEF4F /* Compose.storyboard */,
				AA1679C31F975A7900283609 /* Profile.storyboard */,
				AA1679C11F975A4700283609 /* Discover.storyboard */,
				AA1679BF1F975A1A00283609 /* Messge.storyboard */,
				AA1679BD1F9759F500283609 /* Home.storyboard */,
			);
			path = Views;
			sourceTree = "<group>";
		};
		AA2BC6AF1FAAF450005F5CBF /* Tools */ = {
			isa = PBXGroup;
			children = (
				AA2BC6B01FAAF480005F5CBF /* TitleBtn.swift */,
				AA12144D1FC67AEC0054BAE0 /* NetworkTool.swift */,
			);
			path = Tools;
			sourceTree = "<group>";
		};
		AAE73C7D1F9457520003E038 = {
			isa = PBXGroup;
			children = (
				AAE73C881F9457520003E038 /* weiboswift */,
				AAE73C9D1F9457520003E038 /* weiboswiftTests */,
				AAE73CA81F9457520003E038 /* weiboswiftUITests */,
				AAE73C871F9457520003E038 /* Products */,
				1CE3C0B921193FBA14D530C4 /* Pods */,
				DA9D19D654266A991574D543 /* Frameworks */,
			);
			sourceTree = "<group>";
		};
		AAE73C871F9457520003E038 /* Products */ = {
			isa = PBXGroup;
			children = (
				AAE73C861F9457520003E038 /* weiboswift.app */,
				AAE73C9A1F9457520003E038 /* weiboswiftTests.xctest */,
				AAE73CA51F9457520003E038 /* weiboswiftUITests.xctest */,
			);
			name = Products;
			sourceTree = "<group>";
		};
		AAE73C881F9457520003E038 /* weiboswift */ = {
			isa = PBXGroup;
			children = (
				AA1077881F983733009F1129 /* Controllers */,
				AA1077891F983733009F1129 /* Models */,
				AA10778B1F983734009F1129 /* Views */,
				AA10778A1F983734009F1129 /* Vender */,
				AA0F79B71F983B1C00DCEF4F /* Catergory */,
				AA2BC6AF1FAAF450005F5CBF /* Tools */,
				AAE73C891F9457520003E038 /* AppDelegate.swift */,
				AAE73C901F9457520003E038 /* Assets.xcassets */,
				AAE73C921F9457520003E038 /* LaunchScreen.storyboard */,
				AAE73C951F9457520003E038 /* Info.plist */,
			);
			path = weiboswift;
			sourceTree = "<group>";
		};
		AAE73C9D1F9457520003E038 /* weiboswiftTests */ = {
			isa = PBXGroup;
			children = (
				AAE73C9E1F9457520003E038 /* weiboswiftTests.swift */,
				AAE73CA01F9457520003E038 /* Info.plist */,
				AA88E7421F9DE64C002553E7 /* TableValidationTests.swift */,
			);
			path = weiboswiftTests;
			sourceTree = "<group>";
		};
		AAE73CA81F9457520003E038 /* weiboswiftUITests */ = {
			isa = PBXGroup;
			children = (
				AAE73CA91F9457520003E038 /* weiboswiftUITests.swift */,
				AAE73CAB1F9457520003E038 /* Info.plist */,
			);
			path = weiboswiftUITests;
			sourceTree = "<group>";
		};
		DA9D19D654266A991574D543 /* Frameworks */ = {
			isa = PBXGroup;
			children = (
				3193BDD4B2A8C7E9CF5DB9D3 /* Pods_weiboswift.framework */,
			);
			name = Frameworks;
			sourceTree = "<group>";
		};
/* End PBXGroup section */

/* Begin PBXNativeTarget section */
		AAE73C851F9457520003E038 /* weiboswift */ = {
			isa = PBXNativeTarget;
			buildConfigurationList = AAE73CAE1F9457520003E038 /* Build configuration list for PBXNativeTarget "weiboswift" */;
			buildPhases = (
				243504EC2E763EE623C3ED7D /* [CP] Check Pods Manifest.lock */,
				AAE73C821F9457520003E038 /* Sources */,
				AAE73C831F9457520003E038 /* Frameworks */,
				AAE73C841F9457520003E038 /* Resources */,
				4C206E140184D65E2B01267F /* [CP] Embed Pods Frameworks */,
				6001BC316A565B421B5877D4 /* [CP] Copy Pods Resources */,
			);
			buildRules = (
			);
			dependencies = (
			);
			name = weiboswift;
			productName = weiboswift;
			productReference = AAE73C861F9457520003E038 /* weiboswift.app */;
			productType = "com.apple.product-type.application";
		};
		AAE73C991F9457520003E038 /* weiboswiftTests */ = {
			isa = PBXNativeTarget;
			buildConfigurationList = AAE73CB11F9457520003E038 /* Build configuration list for PBXNativeTarget "weiboswiftTests" */;
			buildPhases = (
				AAE73C961F9457520003E038 /* Sources */,
				AAE73C971F9457520003E038 /* Frameworks */,
				AAE73C981F9457520003E038 /* Resources */,
			);
			buildRules = (
			);
			dependencies = (
				AAE73C9C1F9457520003E038 /* PBXTargetDependency */,
			);
			name = weiboswiftTests;
			productName = weiboswiftTests;
			productReference = AAE73C9A1F9457520003E038 /* weiboswiftTests.xctest */;
			productType = "com.apple.product-type.bundle.unit-test";
		};
		AAE73CA41F9457520003E038 /* weiboswiftUITests */ = {
			isa = PBXNativeTarget;
			buildConfigurationList = AAE73CB41F9457520003E038 /* Build configuration list for PBXNativeTarget "weiboswiftUITests" */;
			buildPhases = (
				AAE73CA11F9457520003E038 /* Sources */,
				AAE73CA21F9457520003E038 /* Frameworks */,
				AAE73CA31F9457520003E038 /* Resources */,
			);
			buildRules = (
			);
			dependencies = (
				AAE73CA71F9457520003E038 /* PBXTargetDependency */,
			);
			name = weiboswiftUITests;
			productName = weiboswiftUITests;
			productReference = AAE73CA51F9457520003E038 /* weiboswiftUITests.xctest */;
			productType = "com.apple.product-type.bundle.ui-testing";
		};
/* End PBXNativeTarget section */

/* Begin PBXProject section */
		AAE73C7E1F9457520003E038 /* Project object */ = {
			isa = PBXProject;
			attributes = {
				LastSwiftUpdateCheck = 0900;
				LastUpgradeCheck = 0900;
				ORGANIZATIONNAME = touchair;
				TargetAttributes = {
					AAE73C851F9457520003E038 = {
						CreatedOnToolsVersion = 9.0;
						ProvisioningStyle = Automatic;
					};
					AAE73C991F9457520003E038 = {
						CreatedOnToolsVersion = 9.0;
						ProvisioningStyle = Automatic;
						TestTargetID = AAE73C851F9457520003E038;
					};
					AAE73CA41F9457520003E038 = {
						CreatedOnToolsVersion = 9.0;
						ProvisioningStyle = Automatic;
						TestTargetID = AAE73C851F9457520003E038;
					};
				};
			};
			buildConfigurationList = AAE73C811F9457520003E038 /* Build configuration list for PBXProject "weiboswift" */;
			compatibilityVersion = "Xcode 8.0";
			developmentRegion = en;
			hasScannedForEncodings = 0;
			knownRegions = (
				en,
				Base,
			);
			mainGroup = AAE73C7D1F9457520003E038;
			productRefGroup = AAE73C871F9457520003E038 /* Products */;
			projectDirPath = "";
			projectRoot = "";
			targets = (
				AAE73C851F9457520003E038 /* weiboswift */,
				AAE73C991F9457520003E038 /* weiboswiftTests */,
				AAE73CA41F9457520003E038 /* weiboswiftUITests */,
			);
		};
/* End PBXProject section */

/* Begin PBXResourcesBuildPhase section */
		AAE73C841F9457520003E038 /* Resources */ = {
			isa = PBXResourcesBuildPhase;
			buildActionMask = 2147483647;
			files = (
				AA2BC6B71FAAFD6B005F5CBF /* PopoverVC.xib in Resources */,
				AA1679C01F975A1A00283609 /* Messge.storyboard in Resources */,
				AAE73C941F9457520003E038 /* LaunchScreen.storyboard in Resources */,
				AAE73C911F9457520003E038 /* Assets.xcassets in Resources */,
				AAE73C8F1F9457520003E038 /* Main.storyboard in Resources */,
				AA0F79C41F9855CA00DCEF4F /* VistorView.xib in Resources */,
				AA1679BE1F9759F500283609 /* Home.storyboard in Resources */,
				AA1679C41F975A7900283609 /* Profile.storyboard in Resources */,
				AA1679C21F975A4700283609 /* Discover.storyboard in Resources */,
				AA0F79B91F983BEF00DCEF4F /* Compose.storyboard in Resources */,
			);
			runOnlyForDeploymentPostprocessing = 0;
		};
		AAE73C981F9457520003E038 /* Resources */ = {
			isa = PBXResourcesBuildPhase;
			buildActionMask = 2147483647;
			files = (
			);
			runOnlyForDeploymentPostprocessing = 0;
		};
		AAE73CA31F9457520003E038 /* Resources */ = {
			isa = PBXResourcesBuildPhase;
			buildActionMask = 2147483647;
			files = (
			);
			runOnlyForDeploymentPostprocessing = 0;
		};
/* End PBXResourcesBuildPhase section */

/* Begin PBXShellScriptBuildPhase section */
		243504EC2E763EE623C3ED7D /* [CP] Check Pods Manifest.lock */ = {
			isa = PBXShellScriptBuildPhase;
			buildActionMask = 2147483647;
			files = (
			);
			inputPaths = (
			);
			name = "[CP] Check Pods Manifest.lock";
			outputPaths = (
			);
			runOnlyForDeploymentPostprocessing = 0;
			shellPath = /bin/sh;
			shellScript = "diff \"${PODS_ROOT}/../Podfile.lock\" \"${PODS_ROOT}/Manifest.lock\" > /dev/null\nif [ $? != 0 ] ; then\n    # print error to STDERR\n    echo \"error: The sandbox is not in sync with the Podfile.lock. Run 'pod install' or update your CocoaPods installation.\" >&2\n    exit 1\nfi\n";
			showEnvVarsInLog = 0;
		};
		4C206E140184D65E2B01267F /* [CP] Embed Pods Frameworks */ = {
			isa = PBXShellScriptBuildPhase;
			buildActionMask = 2147483647;
			files = (
			);
			inputPaths = (
			);
			name = "[CP] Embed Pods Frameworks";
			outputPaths = (
			);
			runOnlyForDeploymentPostprocessing = 0;
			shellPath = /bin/sh;
			shellScript = "\"${SRCROOT}/Pods/Target Support Files/Pods-weiboswift/Pods-weiboswift-frameworks.sh\"\n";
			showEnvVarsInLog = 0;
		};
		6001BC316A565B421B5877D4 /* [CP] Copy Pods Resources */ = {
			isa = PBXShellScriptBuildPhase;
			buildActionMask = 2147483647;
			files = (
			);
			inputPaths = (
			);
			name = "[CP] Copy Pods Resources";
			outputPaths = (
			);
			runOnlyForDeploymentPostprocessing = 0;
			shellPath = /bin/sh;
			shellScript = "\"${SRCROOT}/Pods/Target Support Files/Pods-weiboswift/Pods-weiboswift-resources.sh\"\n";
			showEnvVarsInLog = 0;
		};
/* End PBXShellScriptBuildPhase section */

/* Begin PBXSourcesBuildPhase section */
		AAE73C821F9457520003E038 /* Sources */ = {
			isa = PBXSourcesBuildPhase;
			buildActionMask = 2147483647;
			files = (
				AA1077931F98391F009F1129 /* ProfileVC.swift in Sources */,
				AA0F79BF1F9847E500DCEF4F /* ComposeVC.swift in Sources */,
				AA0F79C21F9855BB00DCEF4F /* VistorView.swift in Sources */,
				AA2BC6B11FAAF480005F5CBF /* TitleBtn.swift in Sources */,
				AA12144E1FC67AEC0054BAE0 /* NetworkTool.swift in Sources */,
				AA2BC6B61FAAFD6B005F5CBF /* PopoverVC.swift in Sources */,
				AA1F7CF81F99D8690009B671 /* OAuthVC.swift in Sources */,
				AA0F79BD1F983DED00DCEF4F /* UIButton-Extension.swift in Sources */,
				AA0FA96B1FABF93D0088D09D /* PresentationC.swift in Sources */,
				AA1077911F9838ED009F1129 /* DiscoverVC.swift in Sources */,
				AA10778F1F983817009F1129 /* HomeVC.swift in Sources */,
				AA12144C1FC65ED30054BAE0 /* PopoverAnimator.swift in Sources */,
				AA1077951F98394C009F1129 /* MessageVC.swift in Sources */,
				AA10778D1F9837F7009F1129 /* MainVC.swift in Sources */,
				AAE73C8A1F9457520003E038 /* AppDelegate.swift in Sources */,
				AA0F79CA1F98561D00DCEF4F /* BaseVC.swift in Sources */,
			);
			runOnlyForDeploymentPostprocessing = 0;
		};
		AAE73C961F9457520003E038 /* Sources */ = {
			isa = PBXSourcesBuildPhase;
			buildActionMask = 2147483647;
			files = (
				AAE73C9F1F9457520003E038 /* weiboswiftTests.swift in Sources */,
				AA88E7431F9DE64C002553E7 /* TableValidationTests.swift in Sources */,
			);
			runOnlyForDeploymentPostprocessing = 0;
		};
		AAE73CA11F9457520003E038 /* Sources */ = {
			isa = PBXSourcesBuildPhase;
			buildActionMask = 2147483647;
			files = (
				AAE73CAA1F9457520003E038 /* weiboswiftUITests.swift in Sources */,
			);
			runOnlyForDeploymentPostprocessing = 0;
		};
/* End PBXSourcesBuildPhase section */

/* Begin PBXTargetDependency section */
		AAE73C9C1F9457520003E038 /* PBXTargetDependency */ = {
			isa = PBXTargetDependency;
			target = AAE73C851F9457520003E038 /* weiboswift */;
			targetProxy = AAE73C9B1F9457520003E038 /* PBXContainerItemProxy */;
		};
		AAE73CA71F9457520003E038 /* PBXTargetDependency */ = {
			isa = PBXTargetDependency;
			target = AAE73C851F9457520003E038 /* weiboswift */;
			targetProxy = AAE73CA61F9457520003E038 /* PBXContainerItemProxy */;
		};
/* End PBXTargetDependency section */

/* Begin PBXVariantGroup section */
		AAE73C8D1F9457520003E038 /* Main.storyboard */ = {
			isa = PBXVariantGroup;
			children = (
				AAE73C8E1F9457520003E038 /* Base */,
			);
			name = Main.storyboard;
			sourceTree = "<group>";
		};
		AAE73C921F9457520003E038 /* LaunchScreen.storyboard */ = {
			isa = PBXVariantGroup;
			children = (
				AAE73C931F9457520003E038 /* Base */,
			);
			name = LaunchScreen.storyboard;
			sourceTree = "<group>";
		};
/* End PBXVariantGroup section */

/* Begin XCBuildConfiguration section */
		AAE73CAC1F9457520003E038 /* Debug */ = {
			isa = XCBuildConfiguration;
			buildSettings = {
				ALWAYS_SEARCH_USER_PATHS = NO;
				CLANG_ANALYZER_NONNULL = YES;
				CLANG_ANALYZER_NUMBER_OBJECT_CONVERSION = YES_AGGRESSIVE;
				CLANG_CXX_LANGUAGE_STANDARD = "gnu++14";
				CLANG_CXX_LIBRARY = "libc++";
				CLANG_ENABLE_MODULES = YES;
				CLANG_ENABLE_OBJC_ARC = YES;
				CLANG_WARN_BLOCK_CAPTURE_AUTORELEASING = YES;
				CLANG_WARN_BOOL_CONVERSION = YES;
				CLANG_WARN_COMMA = YES;
				CLANG_WARN_CONSTANT_CONVERSION = YES;
				CLANG_WARN_DIRECT_OBJC_ISA_USAGE = YES_ERROR;
				CLANG_WARN_DOCUMENTATION_COMMENTS = YES;
				CLANG_WARN_EMPTY_BODY = YES;
				CLANG_WARN_ENUM_CONVERSION = YES;
				CLANG_WARN_INFINITE_RECURSION = YES;
				CLANG_WARN_INT_CONVERSION = YES;
				CLANG_WARN_NON_LITERAL_NULL_CONVERSION = YES;
				CLANG_WARN_OBJC_LITERAL_CONVERSION = YES;
				CLANG_WARN_OBJC_ROOT_CLASS = YES_ERROR;
				CLANG_WARN_RANGE_LOOP_ANALYSIS = YES;
				CLANG_WARN_STRICT_PROTOTYPES = YES;
				CLANG_WARN_SUSPICIOUS_MOVE = YES;
				CLANG_WARN_UNGUARDED_AVAILABILITY = YES_AGGRESSIVE;
				CLANG_WARN_UNREACHABLE_CODE = YES;
				CLANG_WARN__DUPLICATE_METHOD_MATCH = YES;
				CODE_SIGN_IDENTITY = "iPhone Developer";
				COPY_PHASE_STRIP = NO;
				DEBUG_INFORMATION_FORMAT = dwarf;
				ENABLE_STRICT_OBJC_MSGSEND = YES;
				ENABLE_TESTABILITY = YES;
				GCC_C_LANGUAGE_STANDARD = gnu11;
				GCC_DYNAMIC_NO_PIC = NO;
				GCC_NO_COMMON_BLOCKS = YES;
				GCC_OPTIMIZATION_LEVEL = 0;
				GCC_PREPROCESSOR_DEFINITIONS = (
					"DEBUG=1",
					"$(inherited)",
				);
				GCC_WARN_64_TO_32_BIT_CONVERSION = YES;
				GCC_WARN_ABOUT_RETURN_TYPE = YES_ERROR;
				GCC_WARN_UNDECLARED_SELECTOR = YES;
				GCC_WARN_UNINITIALIZED_AUTOS = YES_AGGRESSIVE;
				GCC_WARN_UNUSED_FUNCTION = YES;
				GCC_WARN_UNUSED_VARIABLE = YES;
				IPHONEOS_DEPLOYMENT_TARGET = 11.0;
				MTL_ENABLE_DEBUG_INFO = YES;
				ONLY_ACTIVE_ARCH = YES;
				SDKROOT = iphoneos;
				SWIFT_ACTIVE_COMPILATION_CONDITIONS = DEBUG;
				SWIFT_OPTIMIZATION_LEVEL = "-Onone";
			};
			name = Debug;
		};
		AAE73CAD1F9457520003E038 /* Release */ = {
			isa = XCBuildConfiguration;
			buildSettings = {
				ALWAYS_SEARCH_USER_PATHS = NO;
				CLANG_ANALYZER_NONNULL = YES;
				CLANG_ANALYZER_NUMBER_OBJECT_CONVERSION = YES_AGGRESSIVE;
				CLANG_CXX_LANGUAGE_STANDARD = "gnu++14";
				CLANG_CXX_LIBRARY = "libc++";
				CLANG_ENABLE_MODULES = YES;
				CLANG_ENABLE_OBJC_ARC = YES;
				CLANG_WARN_BLOCK_CAPTURE_AUTORELEASING = YES;
				CLANG_WARN_BOOL_CONVERSION = YES;
				CLANG_WARN_COMMA = YES;
				CLANG_WARN_CONSTANT_CONVERSION = YES;
				CLANG_WARN_DIRECT_OBJC_ISA_USAGE = YES_ERROR;
				CLANG_WARN_DOCUMENTATION_COMMENTS = YES;
				CLANG_WARN_EMPTY_BODY = YES;
				CLANG_WARN_ENUM_CONVERSION = YES;
				CLANG_WARN_INFINITE_RECURSION = YES;
				CLANG_WARN_INT_CONVERSION = YES;
				CLANG_WARN_NON_LITERAL_NULL_CONVERSION = YES;
				CLANG_WARN_OBJC_LITERAL_CONVERSION = YES;
				CLANG_WARN_OBJC_ROOT_CLASS = YES_ERROR;
				CLANG_WARN_RANGE_LOOP_ANALYSIS = YES;
				CLANG_WARN_STRICT_PROTOTYPES = YES;
				CLANG_WARN_SUSPICIOUS_MOVE = YES;
				CLANG_WARN_UNGUARDED_AVAILABILITY = YES_AGGRESSIVE;
				CLANG_WARN_UNREACHABLE_CODE = YES;
				CLANG_WARN__DUPLICATE_METHOD_MATCH = YES;
				CODE_SIGN_IDENTITY = "iPhone Developer";
				COPY_PHASE_STRIP = NO;
				DEBUG_INFORMATION_FORMAT = "dwarf-with-dsym";
				ENABLE_NS_ASSERTIONS = NO;
				ENABLE_STRICT_OBJC_MSGSEND = YES;
				GCC_C_LANGUAGE_STANDARD = gnu11;
				GCC_NO_COMMON_BLOCKS = YES;
				GCC_WARN_64_TO_32_BIT_CONVERSION = YES;
				GCC_WARN_ABOUT_RETURN_TYPE = YES_ERROR;
				GCC_WARN_UNDECLARED_SELECTOR = YES;
				GCC_WARN_UNINITIALIZED_AUTOS = YES_AGGRESSIVE;
				GCC_WARN_UNUSED_FUNCTION = YES;
				GCC_WARN_UNUSED_VARIABLE = YES;
				IPHONEOS_DEPLOYMENT_TARGET = 11.0;
				MTL_ENABLE_DEBUG_INFO = NO;
				SDKROOT = iphoneos;
				SWIFT_OPTIMIZATION_LEVEL = "-Owholemodule";
				VALIDATE_PRODUCT = YES;
			};
			name = Release;
		};
		AAE73CAF1F9457520003E038 /* Debug */ = {
			isa = XCBuildConfiguration;
			baseConfigurationReference = 84320535DBB82EEB02FFE96A /* Pods-weiboswift.debug.xcconfig */;
			buildSettings = {
				ASSETCATALOG_COMPILER_APPICON_NAME = AppIcon;
				CODE_SIGN_STYLE = Automatic;
				DEVELOPMENT_TEAM = KHS5TB9M7R;
				INFOPLIST_FILE = weiboswift/Info.plist;
				LD_RUNPATH_SEARCH_PATHS = "$(inherited) @executable_path/Frameworks";
				PRODUCT_BUNDLE_IDENTIFIER = touchair.weiboswift;
				PRODUCT_NAME = "$(TARGET_NAME)";
				SWIFT_VERSION = 4.0;
				TARGETED_DEVICE_FAMILY = "1,2";
			};
			name = Debug;
		};
		AAE73CB01F9457520003E038 /* Release */ = {
			isa = XCBuildConfiguration;
			baseConfigurationReference = CA191F9932DD82BF2B9FEA9A /* Pods-weiboswift.release.xcconfig */;
			buildSettings = {
				ASSETCATALOG_COMPILER_APPICON_NAME = AppIcon;
				CODE_SIGN_STYLE = Automatic;
				DEVELOPMENT_TEAM = KHS5TB9M7R;
				INFOPLIST_FILE = weiboswift/Info.plist;
				LD_RUNPATH_SEARCH_PATHS = "$(inherited) @executable_path/Frameworks";
				PRODUCT_BUNDLE_IDENTIFIER = touchair.weiboswift;
				PRODUCT_NAME = "$(TARGET_NAME)";
				SWIFT_VERSION = 4.0;
				TARGETED_DEVICE_FAMILY = "1,2";
			};
			name = Release;
		};
		AAE73CB21F9457520003E038 /* Debug */ = {
			isa = XCBuildConfiguration;
			buildSettings = {
				ALWAYS_EMBED_SWIFT_STANDARD_LIBRARIES = YES;
				BUNDLE_LOADER = "$(TEST_HOST)";
				CODE_SIGN_STYLE = Automatic;
				DEVELOPMENT_TEAM = KHS5TB9M7R;
				INFOPLIST_FILE = weiboswiftTests/Info.plist;
				LD_RUNPATH_SEARCH_PATHS = "$(inherited) @executable_path/Frameworks @loader_path/Frameworks";
				PRODUCT_BUNDLE_IDENTIFIER = touchair.weiboswiftTests;
				PRODUCT_NAME = "$(TARGET_NAME)";
				SWIFT_VERSION = 4.0;
				TARGETED_DEVICE_FAMILY = "1,2";
				TEST_HOST = "$(BUILT_PRODUCTS_DIR)/weiboswift.app/weiboswift";
			};
			name = Debug;
		};
		AAE73CB31F9457520003E038 /* Release */ = {
			isa = XCBuildConfiguration;
			buildSettings = {
				ALWAYS_EMBED_SWIFT_STANDARD_LIBRARIES = YES;
				BUNDLE_LOADER = "$(TEST_HOST)";
				CODE_SIGN_STYLE = Automatic;
				DEVELOPMENT_TEAM = KHS5TB9M7R;
				INFOPLIST_FILE = weiboswiftTests/Info.plist;
				LD_RUNPATH_SEARCH_PATHS = "$(inherited) @executable_path/Frameworks @loader_path/Frameworks";
				PRODUCT_BUNDLE_IDENTIFIER = touchair.weiboswiftTests;
				PRODUCT_NAME = "$(TARGET_NAME)";
				SWIFT_VERSION = 4.0;
				TARGETED_DEVICE_FAMILY = "1,2";
				TEST_HOST = "$(BUILT_PRODUCTS_DIR)/weiboswift.app/weiboswift";
			};
			name = Release;
		};
		AAE73CB51F9457520003E038 /* Debug */ = {
			isa = XCBuildConfiguration;
			buildSettings = {
				ALWAYS_EMBED_SWIFT_STANDARD_LIBRARIES = YES;
				CODE_SIGN_STYLE = Automatic;
				DEVELOPMENT_TEAM = KHS5TB9M7R;
				INFOPLIST_FILE = weiboswiftUITests/Info.plist;
				LD_RUNPATH_SEARCH_PATHS = "$(inherited) @executable_path/Frameworks @loader_path/Frameworks";
				PRODUCT_BUNDLE_IDENTIFIER = touchair.weiboswiftUITests;
				PRODUCT_NAME = "$(TARGET_NAME)";
				SWIFT_VERSION = 4.0;
				TARGETED_DEVICE_FAMILY = "1,2";
				TEST_TARGET_NAME = weiboswift;
			};
			name = Debug;
		};
		AAE73CB61F9457520003E038 /* Release */ = {
			isa = XCBuildConfiguration;
			buildSettings = {
				ALWAYS_EMBED_SWIFT_STANDARD_LIBRARIES = YES;
				CODE_SIGN_STYLE = Automatic;
				DEVELOPMENT_TEAM = KHS5TB9M7R;
				INFOPLIST_FILE = weiboswiftUITests/Info.plist;
				LD_RUNPATH_SEARCH_PATHS = "$(inherited) @executable_path/Frameworks @loader_path/Frameworks";
				PRODUCT_BUNDLE_IDENTIFIER = touchair.weiboswiftUITests;
				PRODUCT_NAME = "$(TARGET_NAME)";
				SWIFT_VERSION = 4.0;
				TARGETED_DEVICE_FAMILY = "1,2";
				TEST_TARGET_NAME = weiboswift;
			};
			name = Release;
		};
/* End XCBuildConfiguration section */

/* Begin XCConfigurationList section */
		AAE73C811F9457520003E038 /* Build configuration list for PBXProject "weiboswift" */ = {
			isa = XCConfigurationList;
			buildConfigurations = (
				AAE73CAC1F9457520003E038 /* Debug */,
				AAE73CAD1F9457520003E038 /* Release */,
			);
			defaultConfigurationIsVisible = 0;
			defaultConfigurationName = Release;
		};
		AAE73CAE1F9457520003E038 /* Build configuration list for PBXNativeTarget "weiboswift" */ = {
			isa = XCConfigurationList;
			buildConfigurations = (
				AAE73CAF1F9457520003E038 /* Debug */,
				AAE73CB01F9457520003E038 /* Release */,
			);
			defaultConfigurationIsVisible = 0;
			defaultConfigurationName = Release;
		};
		AAE73CB11F9457520003E038 /* Build configuration list for PBXNativeTarget "weiboswiftTests" */ = {
			isa = XCConfigurationList;
			buildConfigurations = (
				AAE73CB21F9457520003E038 /* Debug */,
				AAE73CB31F9457520003E038 /* Release */,
			);
			defaultConfigurationIsVisible = 0;
			defaultConfigurationName = Release;
		};
		AAE73CB41F9457520003E038 /* Build configuration list for PBXNativeTarget "weiboswiftUITests" */ = {
			isa = XCConfigurationList;
			buildConfigurations = (
				AAE73CB51F9457520003E038 /* Debug */,
				AAE73CB61F9457520003E038 /* Release */,
			);
			defaultConfigurationIsVisible = 0;
			defaultConfigurationName = Release;
		};
/* End XCConfigurationList section */
	};
	rootObject = AAE73C7E1F9457520003E038 /* Project object */;
}
